lockfileVersion: '6.0'

importers:

  .:
    devDependencies:
      prettier:
        specifier: ^2.8.7
        version: 2.8.7
      typescript:
        specifier: ^5.0.4
        version: 5.0.4

  packages/core:
    dependencies:
      '@panva/hkdf':
        specifier: ^1.0.4
        version: 1.0.4
      cookie:
        specifier: ^0.5.0
        version: 0.5.0
      jose:
        specifier: ^4.13.1
        version: 4.13.1
      oauth4webapi:
        specifier: ^2.2.0
        version: 2.2.0
    devDependencies:
      '@auth/core':
        specifier: ^0.5.1
        version: 0.5.1
      '@types/cookie':
        specifier: ^0.5.1
        version: 0.5.1
      '@types/node':
        specifier: ^18.15.11
        version: 18.15.11
      typescript:
        specifier: ^5.0.4
        version: 5.0.4

packages:

  /@auth/core@0.5.1:
    resolution: {integrity: sha512-t9z8F7dkuVceKWBmMy1fd2t6H+vfRju/YJ1lm+6RnJ7pNEvX5qMR874wg0+cYbWvyZazLi8fFK/FA6I3D5sSkA==}
    peerDependencies:
      nodemailer: ^6.8.0
    peerDependenciesMeta:
      nodemailer:
        optional: true
    dependencies:
      '@panva/hkdf': 1.0.4
      cookie: 0.5.0
      jose: 4.13.1
      oauth4webapi: 2.2.0
      preact: 10.11.3
      preact-render-to-string: 5.2.3(preact@10.11.3)
    dev: true

  /@panva/hkdf@1.0.4:
    resolution: {integrity: sha512-003xWiCuvePbLaPHT+CRuaV4GlyCAVm6XYSbBZDHoWZGn1mNkVKFaDbGJjjxmEFvizUwlCoM6O18FCBMMky2zQ==}

  /@types/cookie@0.5.1:
    resolution: {integrity: sha512-COUnqfB2+ckwXXSFInsFdOAWQzCCx+a5hq2ruyj+Vjund94RJQd4LG2u9hnvJrTgunKAaax7ancBYlDrNYxA0g==}
    dev: true

  /@types/node@18.15.11:
    resolution: {integrity: sha512-E5Kwq2n4SbMzQOn6wnmBjuK9ouqlURrcZDVfbo9ftDDTFt3nk7ZKK4GMOzoYgnpQJKcxwQw+lGaBvvlMo0qN/Q==}
    dev: true

  /cookie@0.5.0:
    resolution: {integrity: sha512-YZ3GUyn/o8gfKJlnlX7g7xq4gyO6OSuhGPKaaGssGB2qgDUS0gPgtTvoyZLTt9Ab6dC4hfc9dV5arkvc/OCmrw==}
    engines: {node: '>= 0.6'}

  /jose@4.13.1:
    resolution: {integrity: sha512-MSJQC5vXco5Br38mzaQKiq9mwt7lwj2eXpgpRyQYNHYt2lq1PjkWa7DLXX0WVcQLE9HhMh3jPiufS7fhJf+CLQ==}

  /oauth4webapi@2.2.0:
    resolution: {integrity: sha512-yHJIXtjeQil8BfBvu0PUu38a2DNPOPcEOhzNdg/HytfKPGQk1hTg5j94zZ3bon9YBIAhW5PSmFv+n6bqq0v0uQ==}

  /preact-render-to-string@5.2.3(preact@10.11.3):
    resolution: {integrity: sha512-aPDxUn5o3GhWdtJtW0svRC2SS/l8D9MAgo2+AWml+BhDImb27ALf04Q2d+AHqUUOc6RdSXFIBVa2gxzgMKgtZA==}
    peerDependencies:
      preact: '>=10'
    dependencies:
      preact: 10.11.3
      pretty-format: 3.8.0
    dev: true

  /preact@10.11.3:
    resolution: {integrity: sha512-eY93IVpod/zG3uMF22Unl8h9KkrcKIRs2EGar8hwLZZDU1lkjph303V9HZBwufh2s736U6VXuhD109LYqPoffg==}
    dev: true

  /prettier@2.8.7:
    resolution: {integrity: sha512-yPngTo3aXUUmyuTjeTUT75txrf+aMh9FiD7q9ZE/i6r0bPb22g4FsE6Y338PQX1bmfy08i9QQCB7/rcUAVntfw==}
    engines: {node: '>=10.13.0'}
    hasBin: true
    dev: true

  /pretty-format@3.8.0:
    resolution: {integrity: sha512-WuxUnVtlWL1OfZFQFuqvnvs6MiAGk9UNsBostyBOB0Is9wb5uRESevA6rnl/rkksXaGX3GzZhPup5d6Vp1nFew==}
    dev: true

  /typescript@5.0.4:
    resolution: {integrity: sha512-cW9T5W9xY37cc+jfEnaUvX91foxtHkza3Nw3wkoF4sSlKn0MONdkdEndig/qPBWXNkmplh3NzayQzCiHM4/hqw==}
    engines: {node: '>=12.20'}
    hasBin: true
    dev: true
